# This is a Gradle generated file for dependency locking.
# Manual edits can break the build and are not advised.
# This file is expected to be part of source control.
cglib:cglib-nodep:3.3.0=testRuntimeClasspath
com.fasterxml.jackson.core:jackson-annotations:2.12.7=dokkaGfmMultiModulePlugin,dokkaGfmMultiModuleRuntime,dokkaGfmPartialPlugin,dokkaGfmPartialRuntime,dokkaGfmPlugin,dokkaGfmRuntime,dokkaHtmlMultiModulePlugin,dokkaHtmlMultiModuleRuntime,dokkaHtmlPartialPlugin,dokkaHtmlPartialRuntime,dokkaHtmlPlugin,dokkaHtmlRuntime,dokkaJavadocPartialPlugin,dokkaJavadocPartialRuntime,dokkaJavadocPlugin,dokkaJavadocRuntime,dokkaJekyllMultiModulePlugin,dokkaJekyllMultiModuleRuntime,dokkaJekyllPartialPlugin,dokkaJekyllPartialRuntime,dokkaJekyllPlugin,dokkaJekyllRuntime
com.fasterxml.jackson.core:jackson-annotations:2.13.3=runtimeClasspath,testRuntimeClasspath
com.fasterxml.jackson.core:jackson-core:2.12.7=dokkaGfmMultiModulePlugin,dokkaGfmMultiModuleRuntime,dokkaGfmPartialPlugin,dokkaGfmPartialRuntime,dokkaGfmPlugin,dokkaGfmRuntime,dokkaHtmlMultiModulePlugin,dokkaHtmlMultiModuleRuntime,dokkaHtmlPartialPlugin,dokkaHtmlPartialRuntime,dokkaHtmlPlugin,dokkaHtmlRuntime,dokkaJavadocPartialPlugin,dokkaJavadocPartialRuntime,dokkaJavadocPlugin,dokkaJavadocRuntime,dokkaJekyllMultiModulePlugin,dokkaJekyllMultiModuleRuntime,dokkaJekyllPartialPlugin,dokkaJekyllPartialRuntime,dokkaJekyllPlugin,dokkaJekyllRuntime
com.fasterxml.jackson.core:jackson-core:2.13.3=runtimeClasspath,testRuntimeClasspath
com.fasterxml.jackson.core:jackson-databind:2.12.7=dokkaGfmMultiModulePlugin,dokkaGfmMultiModuleRuntime,dokkaGfmPartialPlugin,dokkaGfmPartialRuntime,dokkaGfmPlugin,dokkaGfmRuntime,dokkaHtmlMultiModulePlugin,dokkaHtmlMultiModuleRuntime,dokkaHtmlPartialPlugin,dokkaHtmlPartialRuntime,dokkaHtmlPlugin,dokkaHtmlRuntime,dokkaJavadocPartialPlugin,dokkaJavadocPartialRuntime,dokkaJavadocPlugin,dokkaJavadocRuntime,dokkaJekyllMultiModulePlugin,dokkaJekyllMultiModuleRuntime,dokkaJekyllPartialPlugin,dokkaJekyllPartialRuntime,dokkaJekyllPlugin,dokkaJekyllRuntime
com.fasterxml.jackson.core:jackson-databind:2.13.3=runtimeClasspath,testRuntimeClasspath
com.fasterxml.jackson.dataformat:jackson-dataformat-xml:2.12.7=dokkaGfmMultiModuleRuntime,dokkaGfmPartialRuntime,dokkaGfmRuntime,dokkaHtmlMultiModuleRuntime,dokkaHtmlPartialRuntime,dokkaHtmlRuntime,dokkaJavadocPartialRuntime,dokkaJavadocRuntime,dokkaJekyllMultiModuleRuntime,dokkaJekyllPartialRuntime,dokkaJekyllRuntime
com.fasterxml.jackson.dataformat:jackson-dataformat-yaml:2.13.3=runtimeClasspath,testRuntimeClasspath
com.fasterxml.jackson.module:jackson-module-jaxb-annotations:2.12.7=dokkaGfmMultiModuleRuntime,dokkaGfmPartialRuntime,dokkaGfmRuntime,dokkaHtmlMultiModuleRuntime,dokkaHtmlPartialRuntime,dokkaHtmlRuntime,dokkaJavadocPartialRuntime,dokkaJavadocRuntime,dokkaJekyllMultiModuleRuntime,dokkaJekyllPartialRuntime,dokkaJekyllRuntime
com.fasterxml.jackson.module:jackson-module-kotlin:2.12.7=dokkaGfmMultiModulePlugin,dokkaGfmMultiModuleRuntime,dokkaGfmPartialPlugin,dokkaGfmPartialRuntime,dokkaGfmPlugin,dokkaGfmRuntime,dokkaHtmlMultiModulePlugin,dokkaHtmlMultiModuleRuntime,dokkaHtmlPartialPlugin,dokkaHtmlPartialRuntime,dokkaHtmlPlugin,dokkaHtmlRuntime,dokkaJavadocPartialPlugin,dokkaJavadocPartialRuntime,dokkaJavadocPlugin,dokkaJavadocRuntime,dokkaJekyllMultiModulePlugin,dokkaJekyllMultiModuleRuntime,dokkaJekyllPartialPlugin,dokkaJekyllPartialRuntime,dokkaJekyllPlugin,dokkaJekyllRuntime
com.fasterxml.jackson:jackson-bom:2.12.7=dokkaGfmMultiModulePlugin,dokkaGfmMultiModuleRuntime,dokkaGfmPartialPlugin,dokkaGfmPartialRuntime,dokkaGfmPlugin,dokkaGfmRuntime,dokkaHtmlMultiModulePlugin,dokkaHtmlMultiModuleRuntime,dokkaHtmlPartialPlugin,dokkaHtmlPartialRuntime,dokkaHtmlPlugin,dokkaHtmlRuntime,dokkaJavadocPartialPlugin,dokkaJavadocPartialRuntime,dokkaJavadocPlugin,dokkaJavadocRuntime,dokkaJekyllMultiModulePlugin,dokkaJekyllMultiModuleRuntime,dokkaJekyllPartialPlugin,dokkaJekyllPartialRuntime,dokkaJekyllPlugin,dokkaJekyllRuntime
com.fasterxml.jackson:jackson-bom:2.13.3=runtimeClasspath,testRuntimeClasspath
com.fasterxml.woodstox:woodstox-core:6.2.4=dokkaGfmMultiModuleRuntime,dokkaGfmPartialRuntime,dokkaGfmRuntime,dokkaHtmlMultiModuleRuntime,dokkaHtmlPartialRuntime,dokkaHtmlRuntime,dokkaJavadocPartialRuntime,dokkaJavadocRuntime,dokkaJekyllMultiModuleRuntime,dokkaJekyllPartialRuntime,dokkaJekyllRuntime
dev.kkorolyov:flub:0.2.1=apiDependenciesMetadata,compileClasspath,implementationDependenciesMetadata,runtimeClasspath,testCompileClasspath,testImplementationDependenciesMetadata,testRuntimeClasspath
jakarta.activation:jakarta.activation-api:1.2.1=dokkaGfmMultiModuleRuntime,dokkaGfmPartialRuntime,dokkaGfmRuntime,dokkaHtmlMultiModuleRuntime,dokkaHtmlPartialRuntime,dokkaHtmlRuntime,dokkaJavadocPartialRuntime,dokkaJavadocRuntime,dokkaJekyllMultiModuleRuntime,dokkaJekyllPartialRuntime,dokkaJekyllRuntime
jakarta.xml.bind:jakarta.xml.bind-api:2.3.2=dokkaGfmMultiModuleRuntime,dokkaGfmPartialRuntime,dokkaGfmRuntime,dokkaHtmlMultiModuleRuntime,dokkaHtmlPartialRuntime,dokkaHtmlRuntime,dokkaJavadocPartialRuntime,dokkaJavadocRuntime,dokkaJekyllMultiModuleRuntime,dokkaJekyllPartialRuntime,dokkaJekyllRuntime
net.bytebuddy:byte-buddy:1.12.12=testCompileClasspath,testImplementationDependenciesMetadata,testRuntimeClasspath
net.java.dev.jna:jna:5.6.0=kotlinCompilerClasspath,kotlinKlibCommonizerClasspath
org.apache.groovy:groovy-bom:4.0.0=testCompileClasspath,testImplementationDependenciesMetadata,testRuntimeClasspath
org.apache.groovy:groovy:4.0.0=testCompileClasspath,testImplementationDependenciesMetadata,testRuntimeClasspath
org.apiguardian:apiguardian-api:1.1.2=testCompileClasspath,testImplementationDependenciesMetadata
org.assertj:assertj-core:3.20.2=testRuntimeClasspath
org.codehaus.woodstox:stax2-api:4.2.1=dokkaGfmMultiModuleRuntime,dokkaGfmPartialRuntime,dokkaGfmRuntime,dokkaHtmlMultiModuleRuntime,dokkaHtmlPartialRuntime,dokkaHtmlRuntime,dokkaJavadocPartialRuntime,dokkaJavadocRuntime,dokkaJekyllMultiModuleRuntime,dokkaJekyllPartialRuntime,dokkaJekyllRuntime
org.freemarker:freemarker:2.3.31=dokkaGfmMultiModulePlugin,dokkaGfmPartialPlugin,dokkaGfmPlugin,dokkaHtmlMultiModulePlugin,dokkaHtmlPartialPlugin,dokkaHtmlPlugin,dokkaJavadocPartialPlugin,dokkaJavadocPlugin,dokkaJekyllMultiModulePlugin,dokkaJekyllPartialPlugin,dokkaJekyllPlugin
org.hamcrest:hamcrest:2.2=testCompileClasspath,testImplementationDependenciesMetadata,testRuntimeClasspath
org.jetbrains.dokka:all-modules-page-plugin:1.7.0=dokkaGfmMultiModulePlugin,dokkaHtmlMultiModulePlugin,dokkaJekyllMultiModulePlugin
org.jetbrains.dokka:dokka-analysis:1.7.0=dokkaGfmMultiModulePlugin,dokkaGfmPartialPlugin,dokkaGfmPlugin,dokkaHtmlMultiModulePlugin,dokkaHtmlPartialPlugin,dokkaHtmlPlugin,dokkaJavadocPartialPlugin,dokkaJavadocPlugin,dokkaJekyllMultiModulePlugin,dokkaJekyllPartialPlugin,dokkaJekyllPlugin
org.jetbrains.dokka:dokka-base:1.7.0=dokkaGfmMultiModulePlugin,dokkaGfmPartialPlugin,dokkaGfmPlugin,dokkaHtmlMultiModulePlugin,dokkaHtmlPartialPlugin,dokkaHtmlPlugin,dokkaJavadocPartialPlugin,dokkaJavadocPlugin,dokkaJekyllMultiModulePlugin,dokkaJekyllPartialPlugin,dokkaJekyllPlugin
org.jetbrains.dokka:dokka-core:1.7.0=dokkaGfmMultiModuleRuntime,dokkaGfmPartialRuntime,dokkaGfmRuntime,dokkaHtmlMultiModuleRuntime,dokkaHtmlPartialRuntime,dokkaHtmlRuntime,dokkaJavadocPartialRuntime,dokkaJavadocRuntime,dokkaJekyllMultiModuleRuntime,dokkaJekyllPartialRuntime,dokkaJekyllRuntime
org.jetbrains.dokka:gfm-plugin:1.7.0=dokkaGfmMultiModulePlugin,dokkaJekyllMultiModulePlugin
org.jetbrains.dokka:gfm-template-processing-plugin:1.7.0=dokkaGfmMultiModulePlugin,dokkaJekyllMultiModulePlugin
org.jetbrains.dokka:jekyll-plugin:1.7.0=dokkaJekyllMultiModulePlugin
org.jetbrains.dokka:jekyll-template-processing-plugin:1.7.0=dokkaJekyllMultiModulePlugin
org.jetbrains.dokka:kotlin-analysis-compiler:1.7.0=dokkaGfmMultiModulePlugin,dokkaGfmPartialPlugin,dokkaGfmPlugin,dokkaHtmlMultiModulePlugin,dokkaHtmlPartialPlugin,dokkaHtmlPlugin,dokkaJavadocPartialPlugin,dokkaJavadocPlugin,dokkaJekyllMultiModulePlugin,dokkaJekyllPartialPlugin,dokkaJekyllPlugin
org.jetbrains.dokka:kotlin-analysis-intellij:1.7.0=dokkaGfmMultiModulePlugin,dokkaGfmPartialPlugin,dokkaGfmPlugin,dokkaHtmlMultiModulePlugin,dokkaHtmlPartialPlugin,dokkaHtmlPlugin,dokkaJavadocPartialPlugin,dokkaJavadocPlugin,dokkaJekyllMultiModulePlugin,dokkaJekyllPartialPlugin,dokkaJekyllPlugin
org.jetbrains.dokka:templating-plugin:1.7.0=dokkaGfmMultiModulePlugin,dokkaHtmlMultiModulePlugin,dokkaJekyllMultiModulePlugin
org.jetbrains.intellij.deps:trove4j:1.0.20200330=kotlinCompilerClasspath,kotlinKlibCommonizerClasspath
org.jetbrains.kotlin:kotlin-compiler-embeddable:1.7.10=kotlinCompilerClasspath,kotlinKlibCommonizerClasspath
org.jetbrains.kotlin:kotlin-daemon-embeddable:1.7.10=kotlinCompilerClasspath,kotlinKlibCommonizerClasspath
org.jetbrains.kotlin:kotlin-klib-commonizer-embeddable:1.7.10=kotlinKlibCommonizerClasspath
org.jetbrains.kotlin:kotlin-reflect:1.7.0=dokkaGfmMultiModulePlugin,dokkaGfmMultiModuleRuntime,dokkaGfmPartialPlugin,dokkaGfmPartialRuntime,dokkaGfmPlugin,dokkaGfmRuntime,dokkaHtmlMultiModulePlugin,dokkaHtmlMultiModuleRuntime,dokkaHtmlPartialPlugin,dokkaHtmlPartialRuntime,dokkaHtmlPlugin,dokkaHtmlRuntime,dokkaJavadocPartialPlugin,dokkaJavadocPartialRuntime,dokkaJavadocPlugin,dokkaJavadocRuntime,dokkaJekyllMultiModulePlugin,dokkaJekyllMultiModuleRuntime,dokkaJekyllPartialPlugin,dokkaJekyllPartialRuntime,dokkaJekyllPlugin,dokkaJekyllRuntime
org.jetbrains.kotlin:kotlin-reflect:1.7.10=kotlinCompilerClasspath,kotlinKlibCommonizerClasspath
org.jetbrains.kotlin:kotlin-script-runtime:1.7.10=kotlinCompilerClasspath,kotlinCompilerPluginClasspathMain,kotlinCompilerPluginClasspathTest,kotlinKlibCommonizerClasspath
org.jetbrains.kotlin:kotlin-scripting-common:1.7.10=kotlinCompilerPluginClasspathMain,kotlinCompilerPluginClasspathTest
org.jetbrains.kotlin:kotlin-scripting-compiler-embeddable:1.7.10=kotlinCompilerPluginClasspathMain,kotlinCompilerPluginClasspathTest
org.jetbrains.kotlin:kotlin-scripting-compiler-impl-embeddable:1.7.10=kotlinCompilerPluginClasspathMain,kotlinCompilerPluginClasspathTest
org.jetbrains.kotlin:kotlin-scripting-jvm:1.7.10=kotlinCompilerPluginClasspathMain,kotlinCompilerPluginClasspathTest
org.jetbrains.kotlin:kotlin-stdlib-common:1.7.0=dokkaGfmMultiModulePlugin,dokkaGfmMultiModuleRuntime,dokkaGfmPartialPlugin,dokkaGfmPartialRuntime,dokkaGfmPlugin,dokkaGfmRuntime,dokkaHtmlMultiModulePlugin,dokkaHtmlMultiModuleRuntime,dokkaHtmlPartialPlugin,dokkaHtmlPartialRuntime,dokkaHtmlPlugin,dokkaHtmlRuntime,dokkaJavadocPartialPlugin,dokkaJavadocPartialRuntime,dokkaJavadocPlugin,dokkaJavadocRuntime,dokkaJekyllMultiModulePlugin,dokkaJekyllMultiModuleRuntime,dokkaJekyllPartialPlugin,dokkaJekyllPartialRuntime,dokkaJekyllPlugin,dokkaJekyllRuntime
org.jetbrains.kotlin:kotlin-stdlib-common:1.7.10=apiDependenciesMetadata,compileClasspath,implementationDependenciesMetadata,kotlinCompilerClasspath,kotlinCompilerPluginClasspathMain,kotlinCompilerPluginClasspathTest,kotlinKlibCommonizerClasspath,runtimeClasspath,testCompileClasspath,testImplementationDependenciesMetadata,testRuntimeClasspath
org.jetbrains.kotlin:kotlin-stdlib-jdk7:1.7.0=dokkaGfmMultiModulePlugin,dokkaGfmMultiModuleRuntime,dokkaGfmPartialPlugin,dokkaGfmPartialRuntime,dokkaGfmPlugin,dokkaGfmRuntime,dokkaHtmlMultiModulePlugin,dokkaHtmlMultiModuleRuntime,dokkaHtmlPartialPlugin,dokkaHtmlPartialRuntime,dokkaHtmlPlugin,dokkaHtmlRuntime,dokkaJavadocPartialPlugin,dokkaJavadocPartialRuntime,dokkaJavadocPlugin,dokkaJavadocRuntime,dokkaJekyllMultiModulePlugin,dokkaJekyllMultiModuleRuntime,dokkaJekyllPartialPlugin,dokkaJekyllPartialRuntime,dokkaJekyllPlugin,dokkaJekyllRuntime
org.jetbrains.kotlin:kotlin-stdlib-jdk7:1.7.10=apiDependenciesMetadata,compileClasspath,implementationDependenciesMetadata,runtimeClasspath,testCompileClasspath,testImplementationDependenciesMetadata,testRuntimeClasspath
org.jetbrains.kotlin:kotlin-stdlib-jdk8:1.7.0=dokkaGfmMultiModulePlugin,dokkaGfmMultiModuleRuntime,dokkaGfmPartialPlugin,dokkaGfmPartialRuntime,dokkaGfmPlugin,dokkaGfmRuntime,dokkaHtmlMultiModulePlugin,dokkaHtmlMultiModuleRuntime,dokkaHtmlPartialPlugin,dokkaHtmlPartialRuntime,dokkaHtmlPlugin,dokkaHtmlRuntime,dokkaJavadocPartialPlugin,dokkaJavadocPartialRuntime,dokkaJavadocPlugin,dokkaJavadocRuntime,dokkaJekyllMultiModulePlugin,dokkaJekyllMultiModuleRuntime,dokkaJekyllPartialPlugin,dokkaJekyllPartialRuntime,dokkaJekyllPlugin,dokkaJekyllRuntime
org.jetbrains.kotlin:kotlin-stdlib-jdk8:1.7.10=apiDependenciesMetadata,compileClasspath,implementationDependenciesMetadata,runtimeClasspath,testCompileClasspath,testImplementationDependenciesMetadata,testRuntimeClasspath
org.jetbrains.kotlin:kotlin-stdlib:1.7.0=dokkaGfmMultiModulePlugin,dokkaGfmMultiModuleRuntime,dokkaGfmPartialPlugin,dokkaGfmPartialRuntime,dokkaGfmPlugin,dokkaGfmRuntime,dokkaHtmlMultiModulePlugin,dokkaHtmlMultiModuleRuntime,dokkaHtmlPartialPlugin,dokkaHtmlPartialRuntime,dokkaHtmlPlugin,dokkaHtmlRuntime,dokkaJavadocPartialPlugin,dokkaJavadocPartialRuntime,dokkaJavadocPlugin,dokkaJavadocRuntime,dokkaJekyllMultiModulePlugin,dokkaJekyllMultiModuleRuntime,dokkaJekyllPartialPlugin,dokkaJekyllPartialRuntime,dokkaJekyllPlugin,dokkaJekyllRuntime
org.jetbrains.kotlin:kotlin-stdlib:1.7.10=apiDependenciesMetadata,compileClasspath,implementationDependenciesMetadata,kotlinCompilerClasspath,kotlinCompilerPluginClasspathMain,kotlinCompilerPluginClasspathTest,kotlinKlibCommonizerClasspath,runtimeClasspath,testCompileClasspath,testImplementationDependenciesMetadata,testRuntimeClasspath
org.jetbrains.kotlinx:kotlinx-coroutines-bom:1.6.0=dokkaGfmMultiModulePlugin,dokkaGfmMultiModuleRuntime,dokkaGfmPartialPlugin,dokkaGfmPartialRuntime,dokkaGfmPlugin,dokkaGfmRuntime,dokkaHtmlMultiModulePlugin,dokkaHtmlMultiModuleRuntime,dokkaHtmlPartialPlugin,dokkaHtmlPartialRuntime,dokkaHtmlPlugin,dokkaHtmlRuntime,dokkaJavadocPartialPlugin,dokkaJavadocPartialRuntime,dokkaJavadocPlugin,dokkaJavadocRuntime,dokkaJekyllMultiModulePlugin,dokkaJekyllMultiModuleRuntime,dokkaJekyllPartialPlugin,dokkaJekyllPartialRuntime,dokkaJekyllPlugin,dokkaJekyllRuntime
org.jetbrains.kotlinx:kotlinx-coroutines-core-jvm:1.6.0=dokkaGfmMultiModulePlugin,dokkaGfmMultiModuleRuntime,dokkaGfmPartialPlugin,dokkaGfmPartialRuntime,dokkaGfmPlugin,dokkaGfmRuntime,dokkaHtmlMultiModulePlugin,dokkaHtmlMultiModuleRuntime,dokkaHtmlPartialPlugin,dokkaHtmlPartialRuntime,dokkaHtmlPlugin,dokkaHtmlRuntime,dokkaJavadocPartialPlugin,dokkaJavadocPartialRuntime,dokkaJavadocPlugin,dokkaJavadocRuntime,dokkaJekyllMultiModulePlugin,dokkaJekyllMultiModuleRuntime,dokkaJekyllPartialPlugin,dokkaJekyllPartialRuntime,dokkaJekyllPlugin,dokkaJekyllRuntime
org.jetbrains.kotlinx:kotlinx-coroutines-core:1.6.0=dokkaGfmMultiModulePlugin,dokkaGfmMultiModuleRuntime,dokkaGfmPartialPlugin,dokkaGfmPartialRuntime,dokkaGfmPlugin,dokkaGfmRuntime,dokkaHtmlMultiModulePlugin,dokkaHtmlMultiModuleRuntime,dokkaHtmlPartialPlugin,dokkaHtmlPartialRuntime,dokkaHtmlPlugin,dokkaHtmlRuntime,dokkaJavadocPartialPlugin,dokkaJavadocPartialRuntime,dokkaJavadocPlugin,dokkaJavadocRuntime,dokkaJekyllMultiModulePlugin,dokkaJekyllMultiModuleRuntime,dokkaJekyllPartialPlugin,dokkaJekyllPartialRuntime,dokkaJekyllPlugin,dokkaJekyllRuntime
org.jetbrains.kotlinx:kotlinx-html-jvm:0.7.3=dokkaGfmMultiModulePlugin,dokkaGfmPartialPlugin,dokkaGfmPlugin,dokkaHtmlMultiModulePlugin,dokkaHtmlPartialPlugin,dokkaHtmlPlugin,dokkaJavadocPartialPlugin,dokkaJavadocPlugin,dokkaJekyllMultiModulePlugin,dokkaJekyllPartialPlugin,dokkaJekyllPlugin
org.jetbrains:annotations:13.0=apiDependenciesMetadata,compileClasspath,dokkaGfmMultiModulePlugin,dokkaGfmMultiModuleRuntime,dokkaGfmPartialPlugin,dokkaGfmPartialRuntime,dokkaGfmPlugin,dokkaGfmRuntime,dokkaHtmlMultiModulePlugin,dokkaHtmlMultiModuleRuntime,dokkaHtmlPartialPlugin,dokkaHtmlPartialRuntime,dokkaHtmlPlugin,dokkaHtmlRuntime,dokkaJavadocPartialPlugin,dokkaJavadocPartialRuntime,dokkaJavadocPlugin,dokkaJavadocRuntime,dokkaJekyllMultiModulePlugin,dokkaJekyllMultiModuleRuntime,dokkaJekyllPartialPlugin,dokkaJekyllPartialRuntime,dokkaJekyllPlugin,dokkaJekyllRuntime,implementationDependenciesMetadata,kotlinCompilerClasspath,kotlinCompilerPluginClasspathMain,kotlinCompilerPluginClasspathTest,kotlinKlibCommonizerClasspath,runtimeClasspath,testCompileClasspath,testImplementationDependenciesMetadata
org.jetbrains:annotations:20.1.0=testRuntimeClasspath
org.jetbrains:markdown-jvm:0.2.4=dokkaGfmMultiModuleRuntime,dokkaGfmPartialRuntime,dokkaGfmRuntime,dokkaHtmlMultiModuleRuntime,dokkaHtmlPartialRuntime,dokkaHtmlRuntime,dokkaJavadocPartialRuntime,dokkaJavadocRuntime,dokkaJekyllMultiModuleRuntime,dokkaJekyllPartialRuntime,dokkaJekyllRuntime
org.jetbrains:markdown:0.2.4=dokkaGfmMultiModuleRuntime,dokkaGfmPartialRuntime,dokkaGfmRuntime,dokkaHtmlMultiModuleRuntime,dokkaHtmlPartialRuntime,dokkaHtmlRuntime,dokkaJavadocPartialRuntime,dokkaJavadocRuntime,dokkaJekyllMultiModuleRuntime,dokkaJekyllPartialRuntime,dokkaJekyllRuntime
org.jsoup:jsoup:1.14.3=dokkaGfmMultiModulePlugin,dokkaGfmMultiModuleRuntime,dokkaGfmPartialPlugin,dokkaGfmPartialRuntime,dokkaGfmPlugin,dokkaGfmRuntime,dokkaHtmlMultiModulePlugin,dokkaHtmlMultiModuleRuntime,dokkaHtmlPartialPlugin,dokkaHtmlPartialRuntime,dokkaHtmlPlugin,dokkaHtmlRuntime,dokkaJavadocPartialPlugin,dokkaJavadocPartialRuntime,dokkaJavadocPlugin,dokkaJavadocRuntime,dokkaJekyllMultiModulePlugin,dokkaJekyllMultiModuleRuntime,dokkaJekyllPartialPlugin,dokkaJekyllPartialRuntime,dokkaJekyllPlugin,dokkaJekyllRuntime
org.junit.platform:junit-platform-commons:1.8.1=testCompileClasspath,testImplementationDependenciesMetadata,testRuntimeClasspath
org.junit.platform:junit-platform-engine:1.8.1=testCompileClasspath,testImplementationDependenciesMetadata,testRuntimeClasspath
org.junit.platform:junit-platform-launcher:1.8.1=testRuntimeClasspath
org.junit.platform:junit-platform-testkit:1.8.1=testRuntimeClasspath
org.junit:junit-bom:5.8.1=testCompileClasspath,testImplementationDependenciesMetadata,testRuntimeClasspath
org.objenesis:objenesis:3.2=testRuntimeClasspath
org.openjfx:javafx-base:17.0.2=compileClasspath,implementationDependenciesMetadata,runtimeClasspath,testCompileClasspath,testImplementationDependenciesMetadata,testRuntimeClasspath
org.openjfx:javafx-graphics:17.0.2=compileClasspath,implementationDependenciesMetadata,runtimeClasspath,testCompileClasspath,testImplementationDependenciesMetadata,testRuntimeClasspath
org.openjfx:javafx-media:17.0.2=compileClasspath,implementationDependenciesMetadata,runtimeClasspath,testCompileClasspath,testImplementationDependenciesMetadata,testRuntimeClasspath
org.opentest4j:opentest4j:1.2.0=testCompileClasspath,testImplementationDependenciesMetadata,testRuntimeClasspath
org.ow2.asm:asm:9.2=testRuntimeClasspath
org.slf4j:slf4j-api:1.8.0-beta4=compileClasspath,implementationDependenciesMetadata,runtimeClasspath,testCompileClasspath,testImplementationDependenciesMetadata,testRuntimeClasspath
org.spockframework:spock-core:2.2-M1-groovy-4.0=testCompileClasspath,testImplementationDependenciesMetadata,testRuntimeClasspath
org.yaml:snakeyaml:1.30=runtimeClasspath,testRuntimeClasspath
empty=annotationProcessor,compileOnlyDependenciesMetadata,dokkaPlugin,dokkaRuntime,intransitiveDependenciesMetadata,kotlinCompilerPluginClasspath,kotlinNativeCompilerPluginClasspath,kotlinScriptDef,kotlinScriptDefExtensions,runtimeOnlyDependenciesMetadata,testAnnotationProcessor,testApiDependenciesMetadata,testCompileOnlyDependenciesMetadata,testIntransitiveDependenciesMetadata,testKotlinScriptDef,testKotlinScriptDefExtensions,testRuntimeOnlyDependenciesMetadata
