# This is a Gradle generated file for dependency locking.
# Manual edits can break the build and are not advised.
# This file is expected to be part of source control.
cglib:cglib-nodep:3.3.0=runtimeClasspath,testRuntimeClasspath
com.fasterxml.jackson.core:jackson-annotations:2.13.1=runtimeClasspath,testRuntimeClasspath
com.fasterxml.jackson.core:jackson-core:2.13.1=runtimeClasspath,testRuntimeClasspath
com.fasterxml.jackson.core:jackson-databind:2.13.1=runtimeClasspath,testRuntimeClasspath
com.fasterxml.jackson.dataformat:jackson-dataformat-yaml:2.13.1=runtimeClasspath,testRuntimeClasspath
com.fasterxml.jackson:jackson-bom:2.13.1=runtimeClasspath,testRuntimeClasspath
dev.kkorolyov:flub:0.2.1=runtimeClasspath,testRuntimeClasspath
net.bytebuddy:byte-buddy:1.12.1=runtimeClasspath,testRuntimeClasspath
org.apiguardian:apiguardian-api:1.1.2=compileClasspath,testCompileClasspath
org.assertj:assertj-core:3.20.2=runtimeClasspath,testRuntimeClasspath
org.codehaus.groovy:groovy:3.0.9=compileClasspath,runtimeClasspath,testCompileClasspath,testRuntimeClasspath
org.hamcrest:hamcrest:2.2=compileClasspath,runtimeClasspath,testCompileClasspath,testRuntimeClasspath
org.jetbrains:annotations:20.1.0=runtimeClasspath,testRuntimeClasspath
org.junit.platform:junit-platform-commons:1.8.1=compileClasspath,runtimeClasspath,testCompileClasspath,testRuntimeClasspath
org.junit.platform:junit-platform-engine:1.8.1=compileClasspath,runtimeClasspath,testCompileClasspath,testRuntimeClasspath
org.junit.platform:junit-platform-launcher:1.8.1=runtimeClasspath,testRuntimeClasspath
org.junit.platform:junit-platform-testkit:1.8.1=runtimeClasspath,testRuntimeClasspath
org.junit:junit-bom:5.8.1=compileClasspath,runtimeClasspath,testCompileClasspath,testRuntimeClasspath
org.objenesis:objenesis:3.2=runtimeClasspath,testRuntimeClasspath
org.opentest4j:opentest4j:1.2.0=compileClasspath,runtimeClasspath,testCompileClasspath,testRuntimeClasspath
org.ow2.asm:asm:9.2=runtimeClasspath,testRuntimeClasspath
org.slf4j:slf4j-api:1.8.0-beta4=runtimeClasspath,testRuntimeClasspath
org.spockframework:spock-core:2.1-M2-groovy-3.0=compileClasspath,runtimeClasspath,testCompileClasspath,testRuntimeClasspath
org.yaml:snakeyaml:1.30=runtimeClasspath,testRuntimeClasspath
empty=annotationProcessor,testAnnotationProcessor
